
Microsoft Visual Studio Solution File, Format Version 12.00
# Visual Studio 15
VisualStudioVersion = 15.0.28010.2016
MinimumVisualStudioVersion = 10.0.40219.1
Project("{FAE04EC0-301F-11D3-BF4B-00C04F79EFBC}") = "DemoSempahore", "DemoSempahore\DemoSempahore.csproj", "{B6D15111-1524-45FB-AA7C-3001FCF0CEFA}"
EndProject
Global
	GlobalSection(SolutionConfigurationPlatforms) = preSolution
		Debug|Any CPU = Debug|Any CPU
		Release|Any CPU = Release|Any CPU
	EndGlobalSection
	GlobalSection(ProjectConfigurationPlatforms) = postSolution
		{B6D15111-1524-45FB-AA7C-3001FCF0CEFA}.Debug|Any CPU.ActiveCfg = Debug|Any CPU
		{B6D15111-1524-45FB-AA7C-3001FCF0CEFA}.Debug|Any CPU.Build.0 = Debug|Any CPU
		{B6D15111-1524-45FB-AA7C-3001FCF0CEFA}.Release|Any CPU.ActiveCfg = Release|Any CPU
		{B6D15111-1524-45FB-AA7C-3001FCF0CEFA}.Release|Any CPU.Build.0 = Release|Any CPU
	EndGlobalSection
	GlobalSection(SolutionProperties) = preSolution
		HideSolutionNode = FALSE
	EndGlobalSection
	GlobalSection(ExtensibilityGlobals) = postSolution
		SolutionGuid = {5AC55122-ABBD-4E6D-BDAC-E2121D724534}
	EndGlobalSection
EndGlobal
